
Microsoft Visual Studio Solution File, Format Version 12.00
# Visual Studio Version 17
VisualStudioVersion = 17.0.31903.59
MinimumVisualStudioVersion = 10.0.40219.1
Project("{2150E333-8FDC-42A3-9474-1A3956D46DE8}") = "src", "src", "{827E0CD3-B72D-47B6-A68D-7590B98EB39B}"
EndProject
Project("{FAE04EC0-301F-11D3-BF4B-00C04F79EFBC}") = "ISTQBuddy.Domain", "src\ISTQBuddy.Domain\ISTQBuddy.Domain.csproj", "{506F0210-3ADC-4FE3-B8CE-C362E5393813}"
EndProject
Project("{FAE04EC0-301F-11D3-BF4B-00C04F79EFBC}") = "ISTQBuddy.Application", "src\ISTQBuddy.Application\ISTQBuddy.Application.csproj", "{70A3E745-AE6C-407D-AC13-02A2D4B76B41}"
EndProject
Project("{FAE04EC0-301F-11D3-BF4B-00C04F79EFBC}") = "ISTQBuddy.Infrastructure", "src\ISTQBuddy.Infrastructure\ISTQBuddy.Infrastructure.csproj", "{5048ABFE-5840-4CCC-A7F5-D02EF7A69AF4}"
EndProject
Project("{FAE04EC0-301F-11D3-BF4B-00C04F79EFBC}") = "ISTQBuddy.Api", "src\ISTQBuddy.Api\ISTQBuddy.Api.csproj", "{6947E4E7-85D3-4D27-85FC-E334C2B9C33C}"
EndProject
Project("{FAE04EC0-301F-11D3-BF4B-00C04F79EFBC}") = "ISTQBuddy.Application.Tests", "tests\ISTQBuddy.Application.Tests\ISTQBuddy.Application.Tests.csproj", "{580C2165-ADA1-475E-BDC7-7CDD5AB436C0}"
EndProject
Project("{FAE04EC0-301F-11D3-BF4B-00C04F79EFBC}") = "ISTQBuddy.Api.Tests", "tests\ISTQBuddy.Api.Tests\ISTQBuddy.Api.Tests.csproj", "{807EF108-02E9-40C8-AB4C-0B1B79FC588B}"
EndProject
Global
	GlobalSection(SolutionConfigurationPlatforms) = preSolution
		Debug|Any CPU = Debug|Any CPU
		Debug|x64 = Debug|x64
		Debug|x86 = Debug|x86
		Release|Any CPU = Release|Any CPU
		Release|x64 = Release|x64
		Release|x86 = Release|x86
	EndGlobalSection
	GlobalSection(ProjectConfigurationPlatforms) = postSolution
		{506F0210-3ADC-4FE3-B8CE-C362E5393813}.Debug|Any CPU.ActiveCfg = Debug|Any CPU
		{506F0210-3ADC-4FE3-B8CE-C362E5393813}.Debug|Any CPU.Build.0 = Debug|Any CPU
		{506F0210-3ADC-4FE3-B8CE-C362E5393813}.Debug|x64.ActiveCfg = Debug|Any CPU
		{506F0210-3ADC-4FE3-B8CE-C362E5393813}.Debug|x64.Build.0 = Debug|Any CPU
		{506F0210-3ADC-4FE3-B8CE-C362E5393813}.Debug|x86.ActiveCfg = Debug|Any CPU
		{506F0210-3ADC-4FE3-B8CE-C362E5393813}.Debug|x86.Build.0 = Debug|Any CPU
		{506F0210-3ADC-4FE3-B8CE-C362E5393813}.Release|Any CPU.ActiveCfg = Release|Any CPU
		{506F0210-3ADC-4FE3-B8CE-C362E5393813}.Release|Any CPU.Build.0 = Release|Any CPU
		{506F0210-3ADC-4FE3-B8CE-C362E5393813}.Release|x64.ActiveCfg = Release|Any CPU
		{506F0210-3ADC-4FE3-B8CE-C362E5393813}.Release|x64.Build.0 = Release|Any CPU
		{506F0210-3ADC-4FE3-B8CE-C362E5393813}.Release|x86.ActiveCfg = Release|Any CPU
		{506F0210-3ADC-4FE3-B8CE-C362E5393813}.Release|x86.Build.0 = Release|Any CPU
		{70A3E745-AE6C-407D-AC13-02A2D4B76B41}.Debug|Any CPU.ActiveCfg = Debug|Any CPU
		{70A3E745-AE6C-407D-AC13-02A2D4B76B41}.Debug|Any CPU.Build.0 = Debug|Any CPU
		{70A3E745-AE6C-407D-AC13-02A2D4B76B41}.Debug|x64.ActiveCfg = Debug|Any CPU
		{70A3E745-AE6C-407D-AC13-02A2D4B76B41}.Debug|x64.Build.0 = Debug|Any CPU
		{70A3E745-AE6C-407D-AC13-02A2D4B76B41}.Debug|x86.ActiveCfg = Debug|Any CPU
		{70A3E745-AE6C-407D-AC13-02A2D4B76B41}.Debug|x86.Build.0 = Debug|Any CPU
		{70A3E745-AE6C-407D-AC13-02A2D4B76B41}.Release|Any CPU.ActiveCfg = Release|Any CPU
		{70A3E745-AE6C-407D-AC13-02A2D4B76B41}.Release|Any CPU.Build.0 = Release|Any CPU
		{70A3E745-AE6C-407D-AC13-02A2D4B76B41}.Release|x64.ActiveCfg = Release|Any CPU
		{70A3E745-AE6C-407D-AC13-02A2D4B76B41}.Release|x64.Build.0 = Release|Any CPU
		{70A3E745-AE6C-407D-AC13-02A2D4B76B41}.Release|x86.ActiveCfg = Release|Any CPU
		{70A3E745-AE6C-407D-AC13-02A2D4B76B41}.Release|x86.Build.0 = Release|Any CPU
		{5048ABFE-5840-4CCC-A7F5-D02EF7A69AF4}.Debug|Any CPU.ActiveCfg = Debug|Any CPU
		{5048ABFE-5840-4CCC-A7F5-D02EF7A69AF4}.Debug|Any CPU.Build.0 = Debug|Any CPU
		{5048ABFE-5840-4CCC-A7F5-D02EF7A69AF4}.Debug|x64.ActiveCfg = Debug|Any CPU
		{5048ABFE-5840-4CCC-A7F5-D02EF7A69AF4}.Debug|x64.Build.0 = Debug|Any CPU
		{5048ABFE-5840-4CCC-A7F5-D02EF7A69AF4}.Debug|x86.ActiveCfg = Debug|Any CPU
		{5048ABFE-5840-4CCC-A7F5-D02EF7A69AF4}.Debug|x86.Build.0 = Debug|Any CPU
		{5048ABFE-5840-4CCC-A7F5-D02EF7A69AF4}.Release|Any CPU.ActiveCfg = Release|Any CPU
		{5048ABFE-5840-4CCC-A7F5-D02EF7A69AF4}.Release|Any CPU.Build.0 = Release|Any CPU
		{5048ABFE-5840-4CCC-A7F5-D02EF7A69AF4}.Release|x64.ActiveCfg = Release|Any CPU
		{5048ABFE-5840-4CCC-A7F5-D02EF7A69AF4}.Release|x64.Build.0 = Release|Any CPU
		{5048ABFE-5840-4CCC-A7F5-D02EF7A69AF4}.Release|x86.ActiveCfg = Release|Any CPU
		{5048ABFE-5840-4CCC-A7F5-D02EF7A69AF4}.Release|x86.Build.0 = Release|Any CPU
		{6947E4E7-85D3-4D27-85FC-E334C2B9C33C}.Debug|Any CPU.ActiveCfg = Debug|Any CPU
		{6947E4E7-85D3-4D27-85FC-E334C2B9C33C}.Debug|Any CPU.Build.0 = Debug|Any CPU
		{6947E4E7-85D3-4D27-85FC-E334C2B9C33C}.Debug|x64.ActiveCfg = Debug|Any CPU
		{6947E4E7-85D3-4D27-85FC-E334C2B9C33C}.Debug|x64.Build.0 = Debug|Any CPU
		{6947E4E7-85D3-4D27-85FC-E334C2B9C33C}.Debug|x86.ActiveCfg = Debug|Any CPU
		{6947E4E7-85D3-4D27-85FC-E334C2B9C33C}.Debug|x86.Build.0 = Debug|Any CPU
		{6947E4E7-85D3-4D27-85FC-E334C2B9C33C}.Release|Any CPU.ActiveCfg = Release|Any CPU
		{6947E4E7-85D3-4D27-85FC-E334C2B9C33C}.Release|Any CPU.Build.0 = Release|Any CPU
		{6947E4E7-85D3-4D27-85FC-E334C2B9C33C}.Release|x64.ActiveCfg = Release|Any CPU
		{6947E4E7-85D3-4D27-85FC-E334C2B9C33C}.Release|x64.Build.0 = Release|Any CPU
		{6947E4E7-85D3-4D27-85FC-E334C2B9C33C}.Release|x86.ActiveCfg = Release|Any CPU
		{6947E4E7-85D3-4D27-85FC-E334C2B9C33C}.Release|x86.Build.0 = Release|Any CPU
		{580C2165-ADA1-475E-BDC7-7CDD5AB436C0}.Debug|Any CPU.ActiveCfg = Debug|Any CPU
		{580C2165-ADA1-475E-BDC7-7CDD5AB436C0}.Debug|Any CPU.Build.0 = Debug|Any CPU
		{580C2165-ADA1-475E-BDC7-7CDD5AB436C0}.Debug|x64.ActiveCfg = Debug|Any CPU
		{580C2165-ADA1-475E-BDC7-7CDD5AB436C0}.Debug|x64.Build.0 = Debug|Any CPU
		{580C2165-ADA1-475E-BDC7-7CDD5AB436C0}.Debug|x86.ActiveCfg = Debug|Any CPU
		{580C2165-ADA1-475E-BDC7-7CDD5AB436C0}.Debug|x86.Build.0 = Debug|Any CPU
		{580C2165-ADA1-475E-BDC7-7CDD5AB436C0}.Release|Any CPU.ActiveCfg = Release|Any CPU
		{580C2165-ADA1-475E-BDC7-7CDD5AB436C0}.Release|Any CPU.Build.0 = Release|Any CPU
		{580C2165-ADA1-475E-BDC7-7CDD5AB436C0}.Release|x64.ActiveCfg = Release|Any CPU
		{580C2165-ADA1-475E-BDC7-7CDD5AB436C0}.Release|x64.Build.0 = Release|Any CPU
		{580C2165-ADA1-475E-BDC7-7CDD5AB436C0}.Release|x86.ActiveCfg = Release|Any CPU
		{580C2165-ADA1-475E-BDC7-7CDD5AB436C0}.Release|x86.Build.0 = Release|Any CPU
		{807EF108-02E9-40C8-AB4C-0B1B79FC588B}.Debug|Any CPU.ActiveCfg = Debug|Any CPU
		{807EF108-02E9-40C8-AB4C-0B1B79FC588B}.Debug|Any CPU.Build.0 = Debug|Any CPU
		{807EF108-02E9-40C8-AB4C-0B1B79FC588B}.Debug|x64.ActiveCfg = Debug|Any CPU
		{807EF108-02E9-40C8-AB4C-0B1B79FC588B}.Debug|x64.Build.0 = Debug|Any CPU
		{807EF108-02E9-40C8-AB4C-0B1B79FC588B}.Debug|x86.ActiveCfg = Debug|Any CPU
		{807EF108-02E9-40C8-AB4C-0B1B79FC588B}.Debug|x86.Build.0 = Debug|Any CPU
		{807EF108-02E9-40C8-AB4C-0B1B79FC588B}.Release|Any CPU.ActiveCfg = Release|Any CPU
		{807EF108-02E9-40C8-AB4C-0B1B79FC588B}.Release|Any CPU.Build.0 = Release|Any CPU
		{807EF108-02E9-40C8-AB4C-0B1B79FC588B}.Release|x64.ActiveCfg = Release|Any CPU
		{807EF108-02E9-40C8-AB4C-0B1B79FC588B}.Release|x64.Build.0 = Release|Any CPU
		{807EF108-02E9-40C8-AB4C-0B1B79FC588B}.Release|x86.ActiveCfg = Release|Any CPU
		{807EF108-02E9-40C8-AB4C-0B1B79FC588B}.Release|x86.Build.0 = Release|Any CPU
	EndGlobalSection
	GlobalSection(SolutionProperties) = preSolution
		HideSolutionNode = FALSE
	EndGlobalSection
	GlobalSection(NestedProjects) = preSolution
		{506F0210-3ADC-4FE3-B8CE-C362E5393813} = {827E0CD3-B72D-47B6-A68D-7590B98EB39B}
		{70A3E745-AE6C-407D-AC13-02A2D4B76B41} = {827E0CD3-B72D-47B6-A68D-7590B98EB39B}
		{5048ABFE-5840-4CCC-A7F5-D02EF7A69AF4} = {827E0CD3-B72D-47B6-A68D-7590B98EB39B}
		{6947E4E7-85D3-4D27-85FC-E334C2B9C33C} = {827E0CD3-B72D-47B6-A68D-7590B98EB39B}
		{580C2165-ADA1-475E-BDC7-7CDD5AB436C0} = {827E0CD3-B72D-47B6-A68D-7590B98EB39B}
		{807EF108-02E9-40C8-AB4C-0B1B79FC588B} = {827E0CD3-B72D-47B6-A68D-7590B98EB39B}
	EndGlobalSection
EndGlobal
